
Microsoft Visual Studio Solution File, Format Version 12.00
# Visual Studio 15
VisualStudioVersion = 15.0.26228.4
MinimumVisualStudioVersion = 10.0.40219.1
Project("{FAE04EC0-301F-11D3-BF4B-00C04F79EFBC}") = "namechecker", "namechecker\namechecker.csproj", "{5D8172AC-7C77-4EA5-8E0D-12A1D1E2161E}"
EndProject
Global
	GlobalSection(SolutionConfigurationPlatforms) = preSolution
		Debug|Any CPU = Debug|Any CPU
		Release|Any CPU = Release|Any CPU
	EndGlobalSection
	GlobalSection(ProjectConfigurationPlatforms) = postSolution
		{5D8172AC-7C77-4EA5-8E0D-12A1D1E2161E}.Debug|Any CPU.ActiveCfg = Debug|Any CPU
		{5D8172AC-7C77-4EA5-8E0D-12A1D1E2161E}.Debug|Any CPU.Build.0 = Debug|Any CPU
		{5D8172AC-7C77-4EA5-8E0D-12A1D1E2161E}.Release|Any CPU.ActiveCfg = Release|Any CPU
		{5D8172AC-7C77-4EA5-8E0D-12A1D1E2161E}.Release|Any CPU.Build.0 = Release|Any CPU
	EndGlobalSection
	GlobalSection(SolutionProperties) = preSolution
		HideSolutionNode = FALSE
	EndGlobalSection
EndGlobal
